
Microsoft Visual Studio Solution File, Format Version 12.00
# Visual Studio Version 17
VisualStudioVersion = 17.3.32901.215
MinimumVisualStudioVersion = 10.0.40219.1
Project("{9A19103F-16F7-4668-BE54-9A1E7A4F7556}") = "chessAPI", "chessAPI.csproj", "{08C776FD-110C-4FDC-8B87-C42EE5C6A6FD}"
EndProject
Global
	GlobalSection(SolutionConfigurationPlatforms) = preSolution
		Debug|Any CPU = Debug|Any CPU
		Release|Any CPU = Release|Any CPU
	EndGlobalSection
	GlobalSection(ProjectConfigurationPlatforms) = postSolution
		{08C776FD-110C-4FDC-8B87-C42EE5C6A6FD}.Debug|Any CPU.ActiveCfg = Debug|Any CPU
		{08C776FD-110C-4FDC-8B87-C42EE5C6A6FD}.Debug|Any CPU.Build.0 = Debug|Any CPU
		{08C776FD-110C-4FDC-8B87-C42EE5C6A6FD}.Release|Any CPU.ActiveCfg = Release|Any CPU
		{08C776FD-110C-4FDC-8B87-C42EE5C6A6FD}.Release|Any CPU.Build.0 = Release|Any CPU
	EndGlobalSection
	GlobalSection(SolutionProperties) = preSolution
		HideSolutionNode = FALSE
	EndGlobalSection
	GlobalSection(ExtensibilityGlobals) = postSolution
		SolutionGuid = {31B0399D-5182-4A6C-BAF6-1168044D0B31}
	EndGlobalSection
EndGlobal
